{
  "nodes": {
    "blobs": {
      "flake": false,
      "locked": {
        "lastModified": 1604995301,
        "narHash": "sha256-wcLzgLec6SGJA8fx1OEN1yV/Py5b+U5iyYpksUY/yLw=",
        "owner": "simple-nixos-mailserver",
        "repo": "blobs",
        "rev": "2cccdf1ca48316f2cfd1c9a0017e8de5a7156265",
        "type": "gitlab"
      },
      "original": {
        "owner": "simple-nixos-mailserver",
        "repo": "blobs",
        "type": "gitlab"
      }
    },
    "doom-emacs": {
      "flake": false,
      "locked": {
        "lastModified": 1632649109,
        "narHash": "sha256-yd9VbETmlteihhSivB857743Vf87s92Wf2HZgglCBPs=",
        "owner": "hlissner",
        "repo": "doom-emacs",
        "rev": "2084eddf5f18163b27158f82dc81180b2d8e8ff3",
        "type": "github"
      },
      "original": {
        "owner": "hlissner",
        "ref": "develop",
        "repo": "doom-emacs",
        "type": "github"
      }
    },
    "emacs-overlay": {
      "locked": {
        "lastModified": 1632244676,
        "narHash": "sha256-GUsAfMItx6MIz0V2mlh7etvlFmV+Mo4HUgKmUxARXvo=",
        "owner": "nix-community",
        "repo": "emacs-overlay",
        "rev": "2c3a01e8a9d9adfb278722dc78de32ccfae77b57",
        "type": "github"
      },
      "original": {
        "owner": "nix-community",
        "repo": "emacs-overlay",
        "type": "github"
      }
    },
    "gst-libvncclient-rfbsrc": {
      "flake": false,
      "locked": {
        "lastModified": 1588455169,
        "narHash": "sha256-P/s0RhY04BCHmUIHamKWgAIGxlHYUf99Im/8j0s2DUY=",
        "owner": "peter-sa",
        "repo": "gst-libvncclient-rfbsrc",
        "rev": "399c634cf5cd7afc649df15861fe9f463c4249e0",
        "type": "github"
      },
      "original": {
        "owner": "peter-sa",
        "ref": "v0.0.1",
        "repo": "gst-libvncclient-rfbsrc",
        "type": "github"
      }
    },
    "home-manager": {
      "inputs": {
        "nixpkgs": [
          "nixpkgs"
        ]
      },
      "locked": {
        "lastModified": 1632256651,
        "narHash": "sha256-+jbZKohfqTjp/5SwudwIhYzmFqmGDlIG99V5lOE4Yjg=",
        "owner": "rycee",
        "repo": "home-manager",
        "rev": "58aa667e28ca4a6a2159b1f3258ef5d494d5ecb6",
        "type": "github"
      },
      "original": {
        "owner": "rycee",
        "ref": "master",
        "repo": "home-manager",
        "type": "github"
      }
    },
    "mxc_epdc_fb_damage": {
      "flake": false,
      "locked": {
        "lastModified": 1588455209,
        "narHash": "sha256-ewvHqQz5HMTMPAysYQYdeCCKlgqqFQz1x1Mnnlzyvd4=",
        "owner": "peter-sa",
        "repo": "mxc_epdc_fb_damage",
        "rev": "8b9405a924bf105c0d3e3b51ed47128f66521f50",
        "type": "github"
      },
      "original": {
        "owner": "peter-sa",
        "ref": "v0.0.1",
        "repo": "mxc_epdc_fb_damage",
        "type": "github"
      }
    },
    "nix-remarkable": {
      "inputs": {
        "gst-libvncclient-rfbsrc": "gst-libvncclient-rfbsrc",
        "mxc_epdc_fb_damage": "mxc_epdc_fb_damage",
        "nixpkgs": [
          "nixpkgs"
        ],
        "rM-vnc-server": "rM-vnc-server"
      },
      "locked": {
        "lastModified": 1609349745,
        "narHash": "sha256-0taikTr1OtS1yYu7keL3Wsz0wTES5HVGgYTeHDDl1fw=",
        "owner": "siraben",
        "repo": "nix-remarkable",
        "rev": "da545190d1280a715f4a4bfe0edf3cec17be2be2",
        "type": "github"
      },
      "original": {
        "owner": "siraben",
        "repo": "nix-remarkable",
        "type": "github"
      }
    },
    "nixos-hardware": {
      "locked": {
        "lastModified": 1632267580,
        "narHash": "sha256-AvNXdmaPHYs6idbfgu1H40vEw4Wq15xLAgCnpCN1l1A=",
        "owner": "nixos",
        "repo": "nixos-hardware",
        "rev": "3cc8c47af31798040ea62499090540413279f832",
        "type": "github"
      },
      "original": {
        "owner": "nixos",
        "repo": "nixos-hardware",
        "type": "github"
      }
    },
    "nixpkgs": {
      "locked": {
        "lastModified": 1632267285,
        "narHash": "sha256-6XuOEpUKVCD7gy/ktwDZ1h7vtLw9TNF1puCapQvRdTc=",
        "owner": "NixOS",
        "repo": "nixpkgs",
        "rev": "a403c08ee0811b6feea4a54d71d831c4dd83090f",
        "type": "github"
      },
      "original": {
        "id": "nixpkgs",
        "ref": "master",
        "type": "indirect"
      }
    },
    "nixpkgs-21_05": {
      "locked": {
        "lastModified": 1625692408,
        "narHash": "sha256-e9L3TLLDVIJpMnHtiNHJE62oOh6emRtSZ244bgYJUZs=",
        "owner": "NixOS",
        "repo": "nixpkgs",
        "rev": "c06613c25df3fe1dd26243847a3c105cf6770627",
        "type": "github"
      },
      "original": {
        "id": "nixpkgs",
        "ref": "nixos-21.05",
        "type": "indirect"
      }
    },
    "nixpkgs-unstable": {
      "locked": {
        "lastModified": 1632267285,
        "narHash": "sha256-6XuOEpUKVCD7gy/ktwDZ1h7vtLw9TNF1puCapQvRdTc=",
        "owner": "NixOS",
        "repo": "nixpkgs",
        "rev": "a403c08ee0811b6feea4a54d71d831c4dd83090f",
        "type": "github"
      },
      "original": {
        "id": "nixpkgs",
        "ref": "master",
        "type": "indirect"
      }
    },
    "nixpkgs_2": {
      "locked": {
        "lastModified": 1626852498,
        "narHash": "sha256-lOXUJvi0FJUXHTVSiC5qsMRtEUgqM4mGZpMESLuGhmo=",
        "owner": "NixOS",
        "repo": "nixpkgs",
        "rev": "16105403bdd843540cbef9c63fc0f16c1c6eaa70",
        "type": "github"
      },
      "original": {
        "id": "nixpkgs",
        "ref": "nixos-unstable",
        "type": "indirect"
      }
    },
    "nur": {
      "locked": {
        "lastModified": 1632257874,
        "narHash": "sha256-WGFotQ/wBqCzFwkFxiIePLaPAoHrfbbH3c9xZ+wUu1A=",
        "owner": "nix-community",
        "repo": "NUR",
        "rev": "ed223afb5466e84e0a04a70c1a9fb87577011852",
        "type": "github"
      },
      "original": {
        "owner": "nix-community",
        "ref": "master",
        "repo": "NUR",
        "type": "github"
      }
    },
    "rM-vnc-server": {
      "flake": false,
      "locked": {
        "lastModified": 1588455269,
        "narHash": "sha256-Y1z69KvOFsBLHe0ixbYlyILV09kSGaJ+ooDE/dlT2Sw=",
        "owner": "peter-sa",
        "repo": "rM-vnc-server",
        "rev": "3beb2988062c939c1e84c3c3b780e209d22cccab",
        "type": "github"
      },
      "original": {
        "owner": "peter-sa",
        "ref": "v0.0.1",
        "repo": "rM-vnc-server",
        "type": "github"
      }
    },
    "root": {
      "inputs": {
        "doom-emacs": "doom-emacs",
        "emacs-overlay": "emacs-overlay",
        "home-manager": "home-manager",
        "nix-remarkable": "nix-remarkable",
        "nixos-hardware": "nixos-hardware",
        "nixpkgs": "nixpkgs",
        "nixpkgs-unstable": "nixpkgs-unstable",
        "nur": "nur",
        "simple-nixos-mailserver": "simple-nixos-mailserver",
        "sops-nix": "sops-nix",
        "spicetify-nix": "spicetify-nix"
      }
    },
    "simple-nixos-mailserver": {
      "inputs": {
        "blobs": "blobs",
        "nixpkgs": "nixpkgs_2",
        "nixpkgs-21_05": "nixpkgs-21_05",
        "utils": "utils"
      },
      "locked": {
        "lastModified": 1628684416,
        "narHash": "sha256-zm7JHe/K2NthgV57QhnmfT9i7azGa2tc5fJOzEiYlLo=",
        "owner": "simple-nixos-mailserver",
        "repo": "nixos-mailserver",
        "rev": "fb85a3fe9e4f673f9c017a23ada00b05d61cdc6a",
        "type": "gitlab"
      },
      "original": {
        "owner": "simple-nixos-mailserver",
        "repo": "nixos-mailserver",
        "type": "gitlab"
      }
    },
    "sops-nix": {
      "inputs": {
        "nixpkgs": [
          "nixpkgs"
        ]
      },
      "locked": {
        "lastModified": 1631947413,
        "narHash": "sha256-3SNkyah7LsZnO5dDToKb81BtuaClorZB8CEyPToSRT0=",
        "owner": "Mic92",
        "repo": "sops-nix",
        "rev": "9d47d2e3e4ab5e7d8907e2ea977b69afab7312d5",
        "type": "github"
      },
      "original": {
        "owner": "Mic92",
        "repo": "sops-nix",
        "type": "github"
      }
    },
    "spicetify-nix": {
      "inputs": {
        "nixpkgs": [
          "nixpkgs"
        ],
        "spicetify-themes": "spicetify-themes"
      },
      "locked": {
        "lastModified": 1631918376,
        "narHash": "sha256-WOekCAOOlSERRLg1HA7eRh9Qd9DZM75Zkqw4Kp4R0xY=",
        "owner": "jakeisnt",
        "repo": "spicetify-nix",
        "rev": "08e05534909a09921da34b60ebd6a4774baec1f6",
        "type": "github"
      },
      "original": {
        "owner": "jakeisnt",
        "repo": "spicetify-nix",
        "type": "github"
      }
    },
    "spicetify-themes": {
      "flake": false,
      "locked": {
        "lastModified": 1631857770,
        "narHash": "sha256-EGXLhHuWHvGYWHXvm95gSvg3LIUth764LK3Q5ImuYWQ=",
        "owner": "morpheusthewhite",
        "repo": "spicetify-themes",
        "rev": "ad3049d1c6bfa90268d09c201f61e5d57561949c",
        "type": "github"
      },
      "original": {
        "owner": "morpheusthewhite",
        "repo": "spicetify-themes",
        "type": "github"
      }
    },
    "utils": {
      "locked": {
        "lastModified": 1605370193,
        "narHash": "sha256-YyMTf3URDL/otKdKgtoMChu4vfVL3vCMkRqpGifhUn0=",
        "owner": "numtide",
        "repo": "flake-utils",
        "rev": "5021eac20303a61fafe17224c087f5519baed54d",
        "type": "github"
      },
      "original": {
        "owner": "numtide",
        "repo": "flake-utils",
        "type": "github"
      }
    }
  },
  "root": "root",
  "version": 7
}
