{
  "nodes": {
    "emacs-overlay": {
      "locked": {
        "lastModified": 1618537271,
        "narHash": "sha256-owKecDtyi+VGgxEhBqDRRlx/gI75OE57OTHtrhrALsE=",
        "owner": "nix-community",
        "repo": "emacs-overlay",
        "rev": "119b923e4da2b716e46dce7aeade32576a282427",
        "type": "github"
      },
      "original": {
        "owner": "nix-community",
        "repo": "emacs-overlay",
        "type": "github"
      }
    },
    "flake-compat": {
      "flake": false,
      "locked": {
        "lastModified": 1606424373,
        "narHash": "sha256-oq8d4//CJOrVj+EcOaSXvMebvuTkmBJuT5tzlfewUnQ=",
        "owner": "edolstra",
        "repo": "flake-compat",
        "rev": "99f1c2157fba4bfe6211a321fd0ee43199025dbf",
        "type": "github"
      },
      "original": {
        "owner": "edolstra",
        "repo": "flake-compat",
        "type": "github"
      }
    },
    "flake-utils": {
      "locked": {
        "lastModified": 1618217525,
        "narHash": "sha256-WGrhVczjXTiswQaoxQ+0PTfbLNeOQM6M36zvLn78AYg=",
        "owner": "numtide",
        "repo": "flake-utils",
        "rev": "c6169a2772643c4a93a0b5ac1c61e296cba68544",
        "type": "github"
      },
      "original": {
        "owner": "numtide",
        "repo": "flake-utils",
        "type": "github"
      }
    },
    "gitignore": {
      "flake": false,
      "locked": {
        "lastModified": 1611672876,
        "narHash": "sha256-qHu3uZ/o9jBHiA3MEKHJ06k7w4heOhA+4HCSIvflRxo=",
        "owner": "hercules-ci",
        "repo": "gitignore.nix",
        "rev": "211907489e9f198594c0eb0ca9256a1949c9d412",
        "type": "github"
      },
      "original": {
        "owner": "hercules-ci",
        "repo": "gitignore.nix",
        "type": "github"
      }
    },
    "home-manager": {
      "inputs": {
        "nixpkgs": [
          "nixpkgs"
        ]
      },
      "locked": {
        "lastModified": 1618469593,
        "narHash": "sha256-fNdt+Q3irnT3pId7PKSSVeR8/9inBrAEg4gpItoRowU=",
        "owner": "rycee",
        "repo": "home-manager",
        "rev": "ebbbd4f2b50703409543941e7445138dc1e7392e",
        "type": "github"
      },
      "original": {
        "owner": "rycee",
        "ref": "master",
        "repo": "home-manager",
        "type": "github"
      }
    },
    "neovim-nightly": {
      "flake": false,
      "locked": {
        "lastModified": 1618456941,
        "narHash": "sha256-VvYtcJrHDDP1+rOC9k1eqHV0Pcc/Pu8DPAV6ubCkEps=",
        "owner": "neovim",
        "repo": "neovim",
        "rev": "d19348923e01bdc729fcb513327dd386be1be98e",
        "type": "github"
      },
      "original": {
        "owner": "neovim",
        "repo": "neovim",
        "type": "github"
      }
    },
    "neovim-nightly-overlay": {
      "inputs": {
        "flake-compat": "flake-compat",
        "flake-utils": "flake-utils",
        "gitignore": "gitignore",
        "neovim-nightly": "neovim-nightly",
        "nixpkgs": "nixpkgs",
        "pre-commit-hooks": "pre-commit-hooks"
      },
      "locked": {
        "lastModified": 1618474612,
        "narHash": "sha256-znTCK+TLd97MxWf6BEII+A1j4IG0HAUnW5FXCvJ7l70=",
        "owner": "nix-community",
        "repo": "neovim-nightly-overlay",
        "rev": "30877e71b5743d753b1170035a9c5cd9b2ee566f",
        "type": "github"
      },
      "original": {
        "owner": "nix-community",
        "repo": "neovim-nightly-overlay",
        "type": "github"
      }
    },
    "nixos-hardware": {
      "locked": {
        "lastModified": 1618410381,
        "narHash": "sha256-/HMmKDAOTqQ0mlL2xk7wgTmaLqDkZsyXBn/JO2+SQc8=",
        "owner": "nixos",
        "repo": "nixos-hardware",
        "rev": "267d8b2d7f049d2cb9b7f4a7f981c123db19a868",
        "type": "github"
      },
      "original": {
        "owner": "nixos",
        "repo": "nixos-hardware",
        "type": "github"
      }
    },
    "nixpkgs": {
      "locked": {
        "lastModified": 1618306168,
        "narHash": "sha256-/IOtgzdEaiEqRVn6OhpekuYhRHfCm299Bqts5QqQVko=",
        "owner": "nixos",
        "repo": "nixpkgs",
        "rev": "4c87cb87a2db6b9eb43541c1cf83f2a2f725fa25",
        "type": "github"
      },
      "original": {
        "owner": "nixos",
        "ref": "nixpkgs-unstable",
        "repo": "nixpkgs",
        "type": "github"
      }
    },
    "nixpkgs-unstable": {
      "locked": {
        "lastModified": 1618530127,
        "narHash": "sha256-jQPk7XpabppYa+GIO5LVTtUFhHq/VqHhPggwIKhTCnQ=",
        "owner": "NixOS",
        "repo": "nixpkgs",
        "rev": "294d1925af6462e55c76b49624b983036f0093b9",
        "type": "github"
      },
      "original": {
        "id": "nixpkgs",
        "ref": "master",
        "type": "indirect"
      }
    },
    "nixpkgs_2": {
      "locked": {
        "lastModified": 1618530127,
        "narHash": "sha256-jQPk7XpabppYa+GIO5LVTtUFhHq/VqHhPggwIKhTCnQ=",
        "owner": "NixOS",
        "repo": "nixpkgs",
        "rev": "294d1925af6462e55c76b49624b983036f0093b9",
        "type": "github"
      },
      "original": {
        "id": "nixpkgs",
        "ref": "master",
        "type": "indirect"
      }
    },
    "nixpkgs_3": {
      "locked": {
        "lastModified": 1607522989,
        "narHash": "sha256-o/jWhOSAlaK7y2M57OIriRt6whuVVocS/T0mG7fd1TI=",
        "owner": "NixOS",
        "repo": "nixpkgs",
        "rev": "e9158eca70ae59e73fae23be5d13d3fa0cfc78b4",
        "type": "github"
      },
      "original": {
        "id": "nixpkgs",
        "ref": "nixos-unstable",
        "type": "indirect"
      }
    },
    "nur": {
      "locked": {
        "lastModified": 1618546470,
        "narHash": "sha256-S9ZZ0Zd7Ur6t3C67Y5CPUkZehiScZMUyUYjpeG66a3c=",
        "owner": "nix-community",
        "repo": "NUR",
        "rev": "0811bfb0ae9b399d4519686f2b2e80afa7b7c981",
        "type": "github"
      },
      "original": {
        "owner": "nix-community",
        "ref": "master",
        "repo": "NUR",
        "type": "github"
      }
    },
    "pre-commit-hooks": {
      "flake": false,
      "locked": {
        "lastModified": 1617783930,
        "narHash": "sha256-SigoU2LWM1fMggqfM9H8XEIvjOjBVQ/wj/zrn02J28c=",
        "owner": "cachix",
        "repo": "pre-commit-hooks.nix",
        "rev": "2d169bb1b23f3b71a894a66ea81f45c788943248",
        "type": "github"
      },
      "original": {
        "owner": "cachix",
        "repo": "pre-commit-hooks.nix",
        "type": "github"
      }
    },
    "root": {
      "inputs": {
        "emacs-overlay": "emacs-overlay",
        "home-manager": "home-manager",
        "neovim-nightly-overlay": "neovim-nightly-overlay",
        "nixos-hardware": "nixos-hardware",
        "nixpkgs": "nixpkgs_2",
        "nixpkgs-unstable": "nixpkgs-unstable",
        "nur": "nur",
        "simple-nixos-mailserver": "simple-nixos-mailserver",
        "spicetify-nix": "spicetify-nix"
      }
    },
    "simple-nixos-mailserver": {
      "inputs": {
        "nixpkgs": "nixpkgs_3",
        "utils": "utils"
      },
      "locked": {
        "lastModified": 1618259567,
        "narHash": "sha256-zeY0bgOskQ5HjAnUywXUAce24D+wM411IjkEh9PBzgU=",
        "owner": "simple-nixos-mailserver",
        "repo": "nixos-mailserver",
        "rev": "3069998c0f53e04e716bb698e721680b0db4e8ca",
        "type": "gitlab"
      },
      "original": {
        "owner": "simple-nixos-mailserver",
        "repo": "nixos-mailserver",
        "type": "gitlab"
      }
    },
    "spicetify-nix": {
      "inputs": {
        "nixpkgs": [
          "nixpkgs"
        ],
        "spicetify-themes": "spicetify-themes"
      },
      "locked": {
        "lastModified": 1613712936,
        "narHash": "sha256-do4VHA5x8T7uuqXFRLSA4SpbjJjgF6MGS0rg7I+yKwY=",
        "owner": "jakeisnt",
        "repo": "spicetify-nix",
        "rev": "57f1733572797a2f44f3b9542ef6405e9ecf1231",
        "type": "github"
      },
      "original": {
        "owner": "jakeisnt",
        "repo": "spicetify-nix",
        "type": "github"
      }
    },
    "spicetify-themes": {
      "flake": false,
      "locked": {
        "lastModified": 1610676077,
        "narHash": "sha256-TmlI8LWMJwAVtuJUrxwxZPjF/w4+mkYm2BkiZ9K/9k0=",
        "owner": "morpheusthewhite",
        "repo": "spicetify-themes",
        "rev": "4cea2498cd00d07571e053afe96fe88f20e76a10",
        "type": "github"
      },
      "original": {
        "owner": "morpheusthewhite",
        "repo": "spicetify-themes",
        "type": "github"
      }
    },
    "utils": {
      "locked": {
        "lastModified": 1605370193,
        "narHash": "sha256-YyMTf3URDL/otKdKgtoMChu4vfVL3vCMkRqpGifhUn0=",
        "owner": "numtide",
        "repo": "flake-utils",
        "rev": "5021eac20303a61fafe17224c087f5519baed54d",
        "type": "github"
      },
      "original": {
        "owner": "numtide",
        "repo": "flake-utils",
        "type": "github"
      }
    }
  },
  "root": "root",
  "version": 7
}
